
Microsoft Visual Studio Solution File, Format Version 12.00
# Visual Studio Version 16
VisualStudioVersion = 16.0.29709.97
MinimumVisualStudioVersion = 10.0.40219.1
Project("{2150E333-8FDC-42A3-9474-1A3956D46DE8}") = "src", "src", "{190520E0-F650-4EE9-9181-426F8D3A283D}"
EndProject
Project("{2150E333-8FDC-42A3-9474-1A3956D46DE8}") = "Catalog", "Catalog", "{AFCAA8C8-9D08-4F44-8FDE-88127E049842}"
EndProject
Project("{9A19103F-16F7-4668-BE54-9A1E7A4F7556}") = "Catalog.API", "src\Catalog\Catalog.API\Catalog.API.csproj", "{6FB69BBC-D372-4678-BE74-922E56C434C6}"
EndProject
Project("{E53339B2-1760-4266-BCC7-CA923CBCF16C}") = "docker-compose", "docker-compose.dcproj", "{48DFCF02-7BB7-43FD-8DF6-3A78EAC53060}"
EndProject
Project("{2150E333-8FDC-42A3-9474-1A3956D46DE8}") = "Basket", "Basket", "{9DA6607C-0D58-42CC-895D-5A8044590BB3}"
EndProject
Project("{9A19103F-16F7-4668-BE54-9A1E7A4F7556}") = "Basket.API", "src\Basket\Basket.API\Basket.API.csproj", "{938924CC-8862-49E3-A23C-9DBBDA63E298}"
EndProject
Project("{2150E333-8FDC-42A3-9474-1A3956D46DE8}") = "Common", "Common", "{CD136DED-0C21-40DE-B590-8BD4E6D17C34}"
EndProject
Project("{9A19103F-16F7-4668-BE54-9A1E7A4F7556}") = "EventBusRabbitMQ", "src\Common\EventBusRabbitMQ\EventBusRabbitMQ.csproj", "{86E071DA-6DFE-438A-B507-7148202BF83A}"
EndProject
Project("{2150E333-8FDC-42A3-9474-1A3956D46DE8}") = "Ordering", "Ordering", "{C84EAE22-5E89-486E-BEB1-69C86216A00D}"
EndProject
Project("{9A19103F-16F7-4668-BE54-9A1E7A4F7556}") = "Ordering.API", "src\Ordering\Ordering.API\Ordering.API.csproj", "{881F3E46-D642-41F0-9F03-7C8194517891}"
EndProject
Project("{2150E333-8FDC-42A3-9474-1A3956D46DE8}") = "ApiGateway", "ApiGateway", "{4F30607F-08E7-4A31-A533-8C64266EA042}"
EndProject
Project("{9A19103F-16F7-4668-BE54-9A1E7A4F7556}") = "OcelotAPIGateway", "src\ApiGateway\OcelotAPIGateway\OcelotAPIGateway.csproj", "{D1C3712F-78F3-437E-A283-4AE15AB87ACF}"
EndProject
Project("{2150E333-8FDC-42A3-9474-1A3956D46DE8}") = "WebApp", "WebApp", "{2C81C9A3-B6D7-4878-893D-0961E9D9259C}"
EndProject
Project("{9A19103F-16F7-4668-BE54-9A1E7A4F7556}") = "AspnetRunBasics", "src\WebApp\AspnetRunBasics\AspnetRunBasics.csproj", "{2C284703-D722-4A1D-ACC9-9EF53CCA741B}"
EndProject
Global
	GlobalSection(SolutionConfigurationPlatforms) = preSolution
		Debug|Any CPU = Debug|Any CPU
		Release|Any CPU = Release|Any CPU
	EndGlobalSection
	GlobalSection(ProjectConfigurationPlatforms) = postSolution
		{6FB69BBC-D372-4678-BE74-922E56C434C6}.Debug|Any CPU.ActiveCfg = Debug|Any CPU
		{6FB69BBC-D372-4678-BE74-922E56C434C6}.Debug|Any CPU.Build.0 = Debug|Any CPU
		{6FB69BBC-D372-4678-BE74-922E56C434C6}.Release|Any CPU.ActiveCfg = Release|Any CPU
		{6FB69BBC-D372-4678-BE74-922E56C434C6}.Release|Any CPU.Build.0 = Release|Any CPU
		{48DFCF02-7BB7-43FD-8DF6-3A78EAC53060}.Debug|Any CPU.ActiveCfg = Debug|Any CPU
		{48DFCF02-7BB7-43FD-8DF6-3A78EAC53060}.Debug|Any CPU.Build.0 = Debug|Any CPU
		{48DFCF02-7BB7-43FD-8DF6-3A78EAC53060}.Release|Any CPU.ActiveCfg = Release|Any CPU
		{48DFCF02-7BB7-43FD-8DF6-3A78EAC53060}.Release|Any CPU.Build.0 = Release|Any CPU
		{938924CC-8862-49E3-A23C-9DBBDA63E298}.Debug|Any CPU.ActiveCfg = Debug|Any CPU
		{938924CC-8862-49E3-A23C-9DBBDA63E298}.Debug|Any CPU.Build.0 = Debug|Any CPU
		{938924CC-8862-49E3-A23C-9DBBDA63E298}.Release|Any CPU.ActiveCfg = Release|Any CPU
		{938924CC-8862-49E3-A23C-9DBBDA63E298}.Release|Any CPU.Build.0 = Release|Any CPU
		{86E071DA-6DFE-438A-B507-7148202BF83A}.Debug|Any CPU.ActiveCfg = Debug|Any CPU
		{86E071DA-6DFE-438A-B507-7148202BF83A}.Debug|Any CPU.Build.0 = Debug|Any CPU
		{86E071DA-6DFE-438A-B507-7148202BF83A}.Release|Any CPU.ActiveCfg = Release|Any CPU
		{86E071DA-6DFE-438A-B507-7148202BF83A}.Release|Any CPU.Build.0 = Release|Any CPU
		{881F3E46-D642-41F0-9F03-7C8194517891}.Debug|Any CPU.ActiveCfg = Debug|Any CPU
		{881F3E46-D642-41F0-9F03-7C8194517891}.Debug|Any CPU.Build.0 = Debug|Any CPU
		{881F3E46-D642-41F0-9F03-7C8194517891}.Release|Any CPU.ActiveCfg = Release|Any CPU
		{881F3E46-D642-41F0-9F03-7C8194517891}.Release|Any CPU.Build.0 = Release|Any CPU
		{D1C3712F-78F3-437E-A283-4AE15AB87ACF}.Debug|Any CPU.ActiveCfg = Debug|Any CPU
		{D1C3712F-78F3-437E-A283-4AE15AB87ACF}.Debug|Any CPU.Build.0 = Debug|Any CPU
		{D1C3712F-78F3-437E-A283-4AE15AB87ACF}.Release|Any CPU.ActiveCfg = Release|Any CPU
		{D1C3712F-78F3-437E-A283-4AE15AB87ACF}.Release|Any CPU.Build.0 = Release|Any CPU
		{2C284703-D722-4A1D-ACC9-9EF53CCA741B}.Debug|Any CPU.ActiveCfg = Debug|Any CPU
		{2C284703-D722-4A1D-ACC9-9EF53CCA741B}.Debug|Any CPU.Build.0 = Debug|Any CPU
		{2C284703-D722-4A1D-ACC9-9EF53CCA741B}.Release|Any CPU.ActiveCfg = Release|Any CPU
		{2C284703-D722-4A1D-ACC9-9EF53CCA741B}.Release|Any CPU.Build.0 = Release|Any CPU
	EndGlobalSection
	GlobalSection(SolutionProperties) = preSolution
		HideSolutionNode = FALSE
	EndGlobalSection
	GlobalSection(NestedProjects) = preSolution
		{AFCAA8C8-9D08-4F44-8FDE-88127E049842} = {190520E0-F650-4EE9-9181-426F8D3A283D}
		{6FB69BBC-D372-4678-BE74-922E56C434C6} = {AFCAA8C8-9D08-4F44-8FDE-88127E049842}
		{9DA6607C-0D58-42CC-895D-5A8044590BB3} = {190520E0-F650-4EE9-9181-426F8D3A283D}
		{938924CC-8862-49E3-A23C-9DBBDA63E298} = {9DA6607C-0D58-42CC-895D-5A8044590BB3}
		{CD136DED-0C21-40DE-B590-8BD4E6D17C34} = {190520E0-F650-4EE9-9181-426F8D3A283D}
		{86E071DA-6DFE-438A-B507-7148202BF83A} = {CD136DED-0C21-40DE-B590-8BD4E6D17C34}
		{C84EAE22-5E89-486E-BEB1-69C86216A00D} = {190520E0-F650-4EE9-9181-426F8D3A283D}
		{881F3E46-D642-41F0-9F03-7C8194517891} = {C84EAE22-5E89-486E-BEB1-69C86216A00D}
		{4F30607F-08E7-4A31-A533-8C64266EA042} = {190520E0-F650-4EE9-9181-426F8D3A283D}
		{D1C3712F-78F3-437E-A283-4AE15AB87ACF} = {4F30607F-08E7-4A31-A533-8C64266EA042}
		{2C81C9A3-B6D7-4878-893D-0961E9D9259C} = {190520E0-F650-4EE9-9181-426F8D3A283D}
		{2C284703-D722-4A1D-ACC9-9EF53CCA741B} = {2C81C9A3-B6D7-4878-893D-0961E9D9259C}
	EndGlobalSection
	GlobalSection(ExtensibilityGlobals) = postSolution
		SolutionGuid = {EE6308B1-1E98-40B4-A640-25B8F7735CF9}
	EndGlobalSection
EndGlobal
